
Microsoft Visual Studio Solution File, Format Version 12.00
# Visual Studio Version 16
VisualStudioVersion = 16.0.31410.357
MinimumVisualStudioVersion = 10.0.40219.1
Project("{FAE04EC0-301F-11D3-BF4B-00C04F79EFBC}") = "InventoryControlSystem", "InventoryControlSystem.csproj", "{DCB33B19-5E29-4E1C-AEB3-D5B51F8E71C1}"
EndProject
Global
	GlobalSection(SolutionConfigurationPlatforms) = preSolution
		Debug|Any CPU = Debug|Any CPU
		Release|Any CPU = Release|Any CPU
	EndGlobalSection
	GlobalSection(ProjectConfigurationPlatforms) = postSolution
		{DCB33B19-5E29-4E1C-AEB3-D5B51F8E71C1}.Debug|Any CPU.ActiveCfg = Debug|Any CPU
		{DCB33B19-5E29-4E1C-AEB3-D5B51F8E71C1}.Debug|Any CPU.Build.0 = Debug|Any CPU
		{DCB33B19-5E29-4E1C-AEB3-D5B51F8E71C1}.Release|Any CPU.ActiveCfg = Release|Any CPU
		{DCB33B19-5E29-4E1C-AEB3-D5B51F8E71C1}.Release|Any CPU.Build.0 = Release|Any CPU
	EndGlobalSection
	GlobalSection(SolutionProperties) = preSolution
		HideSolutionNode = FALSE
	EndGlobalSection
	GlobalSection(ExtensibilityGlobals) = postSolution
		SolutionGuid = {361922AE-1B67-4DC5-BB8A-5C9D25A7A520}
	EndGlobalSection
EndGlobal
